// !$*UTF8*$!
{
	archiveVersion = 1;
	classes = {
	};
	objectVersion = 46;
	objects = {

/* Begin PBXAggregateTarget section */
		"BabysitterCalculator::BabysitterCalculatorPackageTests::ProductTarget" /* BabysitterCalculatorPackageTests */ = {
			isa = PBXAggregateTarget;
			buildConfigurationList = OBJ_32 /* Build configuration list for PBXAggregateTarget "BabysitterCalculatorPackageTests" */;
			buildPhases = (
			);
			dependencies = (
				OBJ_35 /* PBXTargetDependency */,
			);
			name = BabysitterCalculatorPackageTests;
			productName = BabysitterCalculatorPackageTests;
		};
/* End PBXAggregateTarget section */

/* Begin PBXBuildFile section */
		2F48A08822580A5500332945 /* Date+Extensions.swift in Sources */ = {isa = PBXBuildFile; fileRef = 2F48A08722580A5500332945 /* Date+Extensions.swift */; };
		2F48A08922580A5500332945 /* Date+Extensions.swift in Sources */ = {isa = PBXBuildFile; fileRef = 2F48A08722580A5500332945 /* Date+Extensions.swift */; };
		2FC8F67F22545C6700F0BC6A /* Shift.swift in Sources */ = {isa = PBXBuildFile; fileRef = 2FC8F67E22545C6700F0BC6A /* Shift.swift */; };
		2FC8F68022545C6700F0BC6A /* Shift.swift in Sources */ = {isa = PBXBuildFile; fileRef = 2FC8F67E22545C6700F0BC6A /* Shift.swift */; };
		2FC8F68222545C9600F0BC6A /* ShiftTests.swift in Sources */ = {isa = PBXBuildFile; fileRef = 2FC8F68122545C9600F0BC6A /* ShiftTests.swift */; };
		2FD55E632256A1E40083155E /* FamilyStrategy.swift in Sources */ = {isa = PBXBuildFile; fileRef = 2FD55E622256A1E40083155E /* FamilyStrategy.swift */; };
		2FD55E642256A1E40083155E /* FamilyStrategy.swift in Sources */ = {isa = PBXBuildFile; fileRef = 2FD55E622256A1E40083155E /* FamilyStrategy.swift */; };
		2FF3CBDF2253118700AC80FF /* PaymentCalculator.swift in Sources */ = {isa = PBXBuildFile; fileRef = 2FF3CBDE2253118700AC80FF /* PaymentCalculator.swift */; };
		2FF3CBE1225311BD00AC80FF /* PaymentCalculatorTests.swift in Sources */ = {isa = PBXBuildFile; fileRef = 2FF3CBE0225311BD00AC80FF /* PaymentCalculatorTests.swift */; };
		2FF3CBE222531D1700AC80FF /* PaymentCalculator.swift in Sources */ = {isa = PBXBuildFile; fileRef = 2FF3CBDE2253118700AC80FF /* PaymentCalculator.swift */; };
		OBJ_23 /* main.swift in Sources */ = {isa = PBXBuildFile; fileRef = OBJ_9 /* main.swift */; };
		OBJ_30 /* Package.swift in Sources */ = {isa = PBXBuildFile; fileRef = OBJ_6 /* Package.swift */; };
		OBJ_41 /* BabysitterCalculatorTests.swift in Sources */ = {isa = PBXBuildFile; fileRef = OBJ_12 /* BabysitterCalculatorTests.swift */; };
		OBJ_42 /* XCTestManifests.swift in Sources */ = {isa = PBXBuildFile; fileRef = OBJ_13 /* XCTestManifests.swift */; };
/* End PBXBuildFile section */

/* Begin PBXContainerItemProxy section */
		2FF3CBDC22530FC800AC80FF /* PBXContainerItemProxy */ = {
			isa = PBXContainerItemProxy;
			containerPortal = OBJ_1 /* Project object */;
			proxyType = 1;
			remoteGlobalIDString = "BabysitterCalculator::BabysitterCalculator";
			remoteInfo = BabysitterCalculator;
		};
		2FF3CBDD22530FCA00AC80FF /* PBXContainerItemProxy */ = {
			isa = PBXContainerItemProxy;
			containerPortal = OBJ_1 /* Project object */;
			proxyType = 1;
			remoteGlobalIDString = "BabysitterCalculator::BabysitterCalculatorTests";
			remoteInfo = BabysitterCalculatorTests;
		};
/* End PBXContainerItemProxy section */

/* Begin PBXFileReference section */
		2F48A08722580A5500332945 /* Date+Extensions.swift */ = {isa = PBXFileReference; fileEncoding = 4; lastKnownFileType = sourcecode.swift; path = "Date+Extensions.swift"; sourceTree = "<group>"; };
		2FC8F67E22545C6700F0BC6A /* Shift.swift */ = {isa = PBXFileReference; lastKnownFileType = sourcecode.swift; path = Shift.swift; sourceTree = "<group>"; };
		2FC8F68122545C9600F0BC6A /* ShiftTests.swift */ = {isa = PBXFileReference; lastKnownFileType = sourcecode.swift; path = ShiftTests.swift; sourceTree = "<group>"; };
		2FD55E622256A1E40083155E /* FamilyStrategy.swift */ = {isa = PBXFileReference; lastKnownFileType = sourcecode.swift; path = FamilyStrategy.swift; sourceTree = "<group>"; };
		2FF3CBDE2253118700AC80FF /* PaymentCalculator.swift */ = {isa = PBXFileReference; lastKnownFileType = sourcecode.swift; path = PaymentCalculator.swift; sourceTree = "<group>"; };
		2FF3CBE0225311BD00AC80FF /* PaymentCalculatorTests.swift */ = {isa = PBXFileReference; lastKnownFileType = sourcecode.swift; path = PaymentCalculatorTests.swift; sourceTree = "<group>"; };
		"BabysitterCalculator::BabysitterCalculator::Product" /* BabysitterCalculator */ = {isa = PBXFileReference; lastKnownFileType = text; path = BabysitterCalculator; sourceTree = BUILT_PRODUCTS_DIR; };
		"BabysitterCalculator::BabysitterCalculatorTests::Product" /* BabysitterCalculatorTests.xctest */ = {isa = PBXFileReference; explicitFileType = wrapper.cfbundle; path = BabysitterCalculatorTests.xctest; sourceTree = BUILT_PRODUCTS_DIR; };
		OBJ_12 /* BabysitterCalculatorTests.swift */ = {isa = PBXFileReference; lastKnownFileType = sourcecode.swift; path = BabysitterCalculatorTests.swift; sourceTree = "<group>"; };
		OBJ_13 /* XCTestManifests.swift */ = {isa = PBXFileReference; lastKnownFileType = sourcecode.swift; path = XCTestManifests.swift; sourceTree = "<group>"; };
		OBJ_17 /* README.md */ = {isa = PBXFileReference; lastKnownFileType = net.daringfireball.markdown; path = README.md; sourceTree = "<group>"; };
		OBJ_6 /* Package.swift */ = {isa = PBXFileReference; explicitFileType = sourcecode.swift; path = Package.swift; sourceTree = "<group>"; };
		OBJ_9 /* main.swift */ = {isa = PBXFileReference; lastKnownFileType = sourcecode.swift; path = main.swift; sourceTree = "<group>"; };
/* End PBXFileReference section */

/* Begin PBXFrameworksBuildPhase section */
		OBJ_24 /* Frameworks */ = {
			isa = PBXFrameworksBuildPhase;
			buildActionMask = 0;
			files = (
			);
			runOnlyForDeploymentPostprocessing = 0;
		};
		OBJ_43 /* Frameworks */ = {
			isa = PBXFrameworksBuildPhase;
			buildActionMask = 0;
			files = (
			);
			runOnlyForDeploymentPostprocessing = 0;
		};
/* End PBXFrameworksBuildPhase section */

/* Begin PBXGroup section */
		OBJ_10 /* Tests */ = {
			isa = PBXGroup;
			children = (
				OBJ_11 /* BabysitterCalculatorTests */,
			);
			name = Tests;
			sourceTree = SOURCE_ROOT;
		};
		OBJ_11 /* BabysitterCalculatorTests */ = {
			isa = PBXGroup;
			children = (
				OBJ_12 /* BabysitterCalculatorTests.swift */,
				OBJ_13 /* XCTestManifests.swift */,
				2FF3CBE0225311BD00AC80FF /* PaymentCalculatorTests.swift */,
				2FC8F68122545C9600F0BC6A /* ShiftTests.swift */,
			);
			name = BabysitterCalculatorTests;
			path = Tests/BabysitterCalculatorTests;
			sourceTree = SOURCE_ROOT;
		};
		OBJ_14 /* Products */ = {
			isa = PBXGroup;
			children = (
				"BabysitterCalculator::BabysitterCalculator::Product" /* BabysitterCalculator */,
				"BabysitterCalculator::BabysitterCalculatorTests::Product" /* BabysitterCalculatorTests.xctest */,
			);
			name = Products;
			sourceTree = BUILT_PRODUCTS_DIR;
		};
		OBJ_5 = {
			isa = PBXGroup;
			children = (
				OBJ_6 /* Package.swift */,
				OBJ_7 /* Sources */,
				OBJ_10 /* Tests */,
				OBJ_14 /* Products */,
				OBJ_17 /* README.md */,
			);
			sourceTree = "<group>";
		};
		OBJ_7 /* Sources */ = {
			isa = PBXGroup;
			children = (
				OBJ_8 /* BabysitterCalculator */,
			);
			name = Sources;
			sourceTree = SOURCE_ROOT;
		};
		OBJ_8 /* BabysitterCalculator */ = {
			isa = PBXGroup;
			children = (
				2F48A08722580A5500332945 /* Date+Extensions.swift */,
				OBJ_9 /* main.swift */,
				2FF3CBDE2253118700AC80FF /* PaymentCalculator.swift */,
				2FC8F67E22545C6700F0BC6A /* Shift.swift */,
				2FD55E622256A1E40083155E /* FamilyStrategy.swift */,
			);
			name = BabysitterCalculator;
			path = Sources/BabysitterCalculator;
			sourceTree = SOURCE_ROOT;
		};
/* End PBXGroup section */

/* Begin PBXNativeTarget section */
		"BabysitterCalculator::BabysitterCalculator" /* BabysitterCalculator */ = {
			isa = PBXNativeTarget;
			buildConfigurationList = OBJ_19 /* Build configuration list for PBXNativeTarget "BabysitterCalculator" */;
			buildPhases = (
				OBJ_22 /* Sources */,
				OBJ_24 /* Frameworks */,
			);
			buildRules = (
			);
			dependencies = (
			);
			name = BabysitterCalculator;
			productName = BabysitterCalculator;
			productReference = "BabysitterCalculator::BabysitterCalculator::Product" /* BabysitterCalculator */;
			productType = "com.apple.product-type.tool";
		};
		"BabysitterCalculator::BabysitterCalculatorTests" /* BabysitterCalculatorTests */ = {
			isa = PBXNativeTarget;
			buildConfigurationList = OBJ_37 /* Build configuration list for PBXNativeTarget "BabysitterCalculatorTests" */;
			buildPhases = (
				OBJ_40 /* Sources */,
				OBJ_43 /* Frameworks */,
			);
			buildRules = (
			);
			dependencies = (
				OBJ_44 /* PBXTargetDependency */,
			);
			name = BabysitterCalculatorTests;
			productName = BabysitterCalculatorTests;
			productReference = "BabysitterCalculator::BabysitterCalculatorTests::Product" /* BabysitterCalculatorTests.xctest */;
			productType = "com.apple.product-type.bundle.unit-test";
		};
		"BabysitterCalculator::SwiftPMPackageDescription" /* BabysitterCalculatorPackageDescription */ = {
			isa = PBXNativeTarget;
			buildConfigurationList = OBJ_26 /* Build configuration list for PBXNativeTarget "BabysitterCalculatorPackageDescription" */;
			buildPhases = (
				OBJ_29 /* Sources */,
			);
			buildRules = (
			);
			dependencies = (
			);
			name = BabysitterCalculatorPackageDescription;
			productName = BabysitterCalculatorPackageDescription;
			productType = "com.apple.product-type.framework";
		};
/* End PBXNativeTarget section */

/* Begin PBXProject section */
		OBJ_1 /* Project object */ = {
			isa = PBXProject;
			attributes = {
				LastSwiftMigration = 9999;
				LastUpgradeCheck = 9999;
			};
			buildConfigurationList = OBJ_2 /* Build configuration list for PBXProject "BabysitterCalculator" */;
			compatibilityVersion = "Xcode 3.2";
			developmentRegion = English;
			hasScannedForEncodings = 0;
			knownRegions = (
				English,
				en,
			);
			mainGroup = OBJ_5;
			productRefGroup = OBJ_14 /* Products */;
			projectDirPath = "";
			projectRoot = "";
			targets = (
				"BabysitterCalculator::BabysitterCalculator" /* BabysitterCalculator */,
				"BabysitterCalculator::SwiftPMPackageDescription" /* BabysitterCalculatorPackageDescription */,
				"BabysitterCalculator::BabysitterCalculatorPackageTests::ProductTarget" /* BabysitterCalculatorPackageTests */,
				"BabysitterCalculator::BabysitterCalculatorTests" /* BabysitterCalculatorTests */,
			);
		};
/* End PBXProject section */

/* Begin PBXSourcesBuildPhase section */
		OBJ_22 /* Sources */ = {
			isa = PBXSourcesBuildPhase;
			buildActionMask = 0;
			files = (
				2FD55E632256A1E40083155E /* FamilyStrategy.swift in Sources */,
				2FF3CBDF2253118700AC80FF /* PaymentCalculator.swift in Sources */,
				2FC8F67F22545C6700F0BC6A /* Shift.swift in Sources */,
				2F48A08822580A5500332945 /* Date+Extensions.swift in Sources */,
				OBJ_23 /* main.swift in Sources */,
			);
			runOnlyForDeploymentPostprocessing = 0;
		};
		OBJ_29 /* Sources */ = {
			isa = PBXSourcesBuildPhase;
			buildActionMask = 0;
			files = (
				OBJ_30 /* Package.swift in Sources */,
			);
			runOnlyForDeploymentPostprocessing = 0;
		};
		OBJ_40 /* Sources */ = {
			isa = PBXSourcesBuildPhase;
			buildActionMask = 0;
			files = (
				2FC8F68222545C9600F0BC6A /* ShiftTests.swift in Sources */,
				2F48A08922580A5500332945 /* Date+Extensions.swift in Sources */,
				2FF3CBE1225311BD00AC80FF /* PaymentCalculatorTests.swift in Sources */,
				OBJ_41 /* BabysitterCalculatorTests.swift in Sources */,
				2FF3CBE222531D1700AC80FF /* PaymentCalculator.swift in Sources */,
				OBJ_42 /* XCTestManifests.swift in Sources */,
				2FC8F68022545C6700F0BC6A /* Shift.swift in Sources */,
				2FD55E642256A1E40083155E /* FamilyStrategy.swift in Sources */,
			);
			runOnlyForDeploymentPostprocessing = 0;
		};
/* End PBXSourcesBuildPhase section */

/* Begin PBXTargetDependency section */
		OBJ_35 /* PBXTargetDependency */ = {
			isa = PBXTargetDependency;
			target = "BabysitterCalculator::BabysitterCalculatorTests" /* BabysitterCalculatorTests */;
			targetProxy = 2FF3CBDD22530FCA00AC80FF /* PBXContainerItemProxy */;
		};
		OBJ_44 /* PBXTargetDependency */ = {
			isa = PBXTargetDependency;
			target = "BabysitterCalculator::BabysitterCalculator" /* BabysitterCalculator */;
			targetProxy = 2FF3CBDC22530FC800AC80FF /* PBXContainerItemProxy */;
		};
/* End PBXTargetDependency section */

/* Begin XCBuildConfiguration section */
		OBJ_20 /* Debug */ = {
			isa = XCBuildConfiguration;
			buildSettings = {
				FRAMEWORK_SEARCH_PATHS = (
					"$(inherited)",
					"$(PLATFORM_DIR)/Developer/Library/Frameworks",
				);
				HEADER_SEARCH_PATHS = "$(inherited)";
				INFOPLIST_FILE = BabysitterCalculator.xcodeproj/BabysitterCalculator_Info.plist;
				IPHONEOS_DEPLOYMENT_TARGET = 8.0;
				LD_RUNPATH_SEARCH_PATHS = "$(inherited) $(TOOLCHAIN_DIR)/usr/lib/swift/macosx @executable_path";
				MACOSX_DEPLOYMENT_TARGET = 10.10;
				OTHER_CFLAGS = "$(inherited)";
				OTHER_LDFLAGS = "$(inherited)";
				OTHER_SWIFT_FLAGS = "$(inherited)";
				SWIFT_ACTIVE_COMPILATION_CONDITIONS = "$(inherited)";
				SWIFT_FORCE_DYNAMIC_LINK_STDLIB = YES;
				SWIFT_FORCE_STATIC_LINK_STDLIB = NO;
				SWIFT_VERSION = 5.0;
				TARGET_NAME = BabysitterCalculator;
				TVOS_DEPLOYMENT_TARGET = 9.0;
				WATCHOS_DEPLOYMENT_TARGET = 2.0;
			};
			name = Debug;
		};
		OBJ_21 /* Release */ = {
			isa = XCBuildConfiguration;
			buildSettings = {
				FRAMEWORK_SEARCH_PATHS = (
					"$(inherited)",
					"$(PLATFORM_DIR)/Developer/Library/Frameworks",
				);
				HEADER_SEARCH_PATHS = "$(inherited)";
				INFOPLIST_FILE = BabysitterCalculator.xcodeproj/BabysitterCalculator_Info.plist;
				IPHONEOS_DEPLOYMENT_TARGET = 8.0;
				LD_RUNPATH_SEARCH_PATHS = "$(inherited) $(TOOLCHAIN_DIR)/usr/lib/swift/macosx @executable_path";
				MACOSX_DEPLOYMENT_TARGET = 10.10;
				OTHER_CFLAGS = "$(inherited)";
				OTHER_LDFLAGS = "$(inherited)";
				OTHER_SWIFT_FLAGS = "$(inherited)";
				SWIFT_ACTIVE_COMPILATION_CONDITIONS = "$(inherited)";
				SWIFT_FORCE_DYNAMIC_LINK_STDLIB = YES;
				SWIFT_FORCE_STATIC_LINK_STDLIB = NO;
				SWIFT_VERSION = 5.0;
				TARGET_NAME = BabysitterCalculator;
				TVOS_DEPLOYMENT_TARGET = 9.0;
				WATCHOS_DEPLOYMENT_TARGET = 2.0;
			};
			name = Release;
		};
		OBJ_27 /* Debug */ = {
			isa = XCBuildConfiguration;
			buildSettings = {
				LD = /usr/bin/true;
				OTHER_SWIFT_FLAGS = "-swift-version 5 -I $(TOOLCHAIN_DIR)/usr/lib/swift/pm/4_2 -target x86_64-apple-macosx10.10 -sdk /Applications/Xcode.app/Contents/Developer/Platforms/MacOSX.platform/Developer/SDKs/MacOSX10.14.sdk";
				SWIFT_VERSION = 5.0;
			};
			name = Debug;
		};
		OBJ_28 /* Release */ = {
			isa = XCBuildConfiguration;
			buildSettings = {
				LD = /usr/bin/true;
				OTHER_SWIFT_FLAGS = "-swift-version 5 -I $(TOOLCHAIN_DIR)/usr/lib/swift/pm/4_2 -target x86_64-apple-macosx10.10 -sdk /Applications/Xcode.app/Contents/Developer/Platforms/MacOSX.platform/Developer/SDKs/MacOSX10.14.sdk";
				SWIFT_VERSION = 5.0;
			};
			name = Release;
		};
		OBJ_3 /* Debug */ = {
			isa = XCBuildConfiguration;
			buildSettings = {
				CLANG_ENABLE_OBJC_ARC = YES;
				COMBINE_HIDPI_IMAGES = YES;
				COPY_PHASE_STRIP = NO;
				DEBUG_INFORMATION_FORMAT = dwarf;
				DYLIB_INSTALL_NAME_BASE = "@rpath";
				ENABLE_NS_ASSERTIONS = YES;
				ENABLE_TESTABILITY = YES;
				GCC_OPTIMIZATION_LEVEL = 0;
				GCC_PREPROCESSOR_DEFINITIONS = (
					"$(inherited)",
					"SWIFT_PACKAGE=1",
					"DEBUG=1",
				);
				MACOSX_DEPLOYMENT_TARGET = 10.10;
				ONLY_ACTIVE_ARCH = NO;
				OTHER_SWIFT_FLAGS = "-DXcode";
				PRODUCT_NAME = "$(TARGET_NAME)";
				SDKROOT = macosx;
				SUPPORTED_PLATFORMS = "macosx iphoneos iphonesimulator appletvos appletvsimulator watchos watchsimulator";
				SWIFT_ACTIVE_COMPILATION_CONDITIONS = "$(inherited) SWIFT_PACKAGE DEBUG";
				SWIFT_OPTIMIZATION_LEVEL = "-Onone";
				USE_HEADERMAP = NO;
			};
			name = Debug;
		};
		OBJ_33 /* Debug */ = {
			isa = XCBuildConfiguration;
			buildSettings = {
			};
			name = Debug;
		};
		OBJ_34 /* Release */ = {
			isa = XCBuildConfiguration;
			buildSettings = {
			};
			name = Release;
		};
		OBJ_38 /* Debug */ = {
			isa = XCBuildConfiguration;
			buildSettings = {
				CLANG_ENABLE_MODULES = YES;
				EMBEDDED_CONTENT_CONTAINS_SWIFT = YES;
				FRAMEWORK_SEARCH_PATHS = (
					"$(inherited)",
					"$(PLATFORM_DIR)/Developer/Library/Frameworks",
				);
				HEADER_SEARCH_PATHS = "$(inherited)";
				INFOPLIST_FILE = BabysitterCalculator.xcodeproj/BabysitterCalculatorTests_Info.plist;
				IPHONEOS_DEPLOYMENT_TARGET = 8.0;
				LD_RUNPATH_SEARCH_PATHS = "$(inherited) @loader_path/../Frameworks @loader_path/Frameworks";
				MACOSX_DEPLOYMENT_TARGET = 10.10;
				OTHER_CFLAGS = "$(inherited)";
				OTHER_LDFLAGS = "$(inherited)";
				OTHER_SWIFT_FLAGS = "$(inherited)";
				SWIFT_ACTIVE_COMPILATION_CONDITIONS = "$(inherited)";
				SWIFT_VERSION = 5.0;
				TARGET_NAME = BabysitterCalculatorTests;
				TVOS_DEPLOYMENT_TARGET = 9.0;
				WATCHOS_DEPLOYMENT_TARGET = 2.0;
			};
			name = Debug;
		};
		OBJ_39 /* Release */ = {
			isa = XCBuildConfiguration;
			buildSettings = {
				CLANG_ENABLE_MODULES = YES;
				EMBEDDED_CONTENT_CONTAINS_SWIFT = YES;
				FRAMEWORK_SEARCH_PATHS = (
					"$(inherited)",
					"$(PLATFORM_DIR)/Developer/Library/Frameworks",
				);
				HEADER_SEARCH_PATHS = "$(inherited)";
				INFOPLIST_FILE = BabysitterCalculator.xcodeproj/BabysitterCalculatorTests_Info.plist;
				IPHONEOS_DEPLOYMENT_TARGET = 8.0;
				LD_RUNPATH_SEARCH_PATHS = "$(inherited) @loader_path/../Frameworks @loader_path/Frameworks";
				MACOSX_DEPLOYMENT_TARGET = 10.10;
				OTHER_CFLAGS = "$(inherited)";
				OTHER_LDFLAGS = "$(inherited)";
				OTHER_SWIFT_FLAGS = "$(inherited)";
				SWIFT_ACTIVE_COMPILATION_CONDITIONS = "$(inherited)";
				SWIFT_VERSION = 5.0;
				TARGET_NAME = BabysitterCalculatorTests;
				TVOS_DEPLOYMENT_TARGET = 9.0;
				WATCHOS_DEPLOYMENT_TARGET = 2.0;
			};
			name = Release;
		};
		OBJ_4 /* Release */ = {
			isa = XCBuildConfiguration;
			buildSettings = {
				CLANG_ENABLE_OBJC_ARC = YES;
				COMBINE_HIDPI_IMAGES = YES;
				COPY_PHASE_STRIP = YES;
				DEBUG_INFORMATION_FORMAT = "dwarf-with-dsym";
				DYLIB_INSTALL_NAME_BASE = "@rpath";
				ENABLE_TESTABILITY = YES;
				GCC_OPTIMIZATION_LEVEL = s;
				GCC_PREPROCESSOR_DEFINITIONS = (
					"$(inherited)",
					"SWIFT_PACKAGE=1",
				);
				MACOSX_DEPLOYMENT_TARGET = 10.10;
				OTHER_SWIFT_FLAGS = "-DXcode";
				PRODUCT_NAME = "$(TARGET_NAME)";
				SDKROOT = macosx;
				SUPPORTED_PLATFORMS = "macosx iphoneos iphonesimulator appletvos appletvsimulator watchos watchsimulator";
				SWIFT_ACTIVE_COMPILATION_CONDITIONS = "$(inherited) SWIFT_PACKAGE";
				SWIFT_OPTIMIZATION_LEVEL = "-Owholemodule";
				USE_HEADERMAP = NO;
			};
			name = Release;
		};
/* End XCBuildConfiguration section */

/* Begin XCConfigurationList section */
		OBJ_19 /* Build configuration list for PBXNativeTarget "BabysitterCalculator" */ = {
			isa = XCConfigurationList;
			buildConfigurations = (
				OBJ_20 /* Debug */,
				OBJ_21 /* Release */,
			);
			defaultConfigurationIsVisible = 0;
			defaultConfigurationName = Debug;
		};
		OBJ_2 /* Build configuration list for PBXProject "BabysitterCalculator" */ = {
			isa = XCConfigurationList;
			buildConfigurations = (
				OBJ_3 /* Debug */,
				OBJ_4 /* Release */,
			);
			defaultConfigurationIsVisible = 0;
			defaultConfigurationName = Debug;
		};
		OBJ_26 /* Build configuration list for PBXNativeTarget "BabysitterCalculatorPackageDescription" */ = {
			isa = XCConfigurationList;
			buildConfigurations = (
				OBJ_27 /* Debug */,
				OBJ_28 /* Release */,
			);
			defaultConfigurationIsVisible = 0;
			defaultConfigurationName = Debug;
		};
		OBJ_32 /* Build configuration list for PBXAggregateTarget "BabysitterCalculatorPackageTests" */ = {
			isa = XCConfigurationList;
			buildConfigurations = (
				OBJ_33 /* Debug */,
				OBJ_34 /* Release */,
			);
			defaultConfigurationIsVisible = 0;
			defaultConfigurationName = Debug;
		};
		OBJ_37 /* Build configuration list for PBXNativeTarget "BabysitterCalculatorTests" */ = {
			isa = XCConfigurationList;
			buildConfigurations = (
				OBJ_38 /* Debug */,
				OBJ_39 /* Release */,
			);
			defaultConfigurationIsVisible = 0;
			defaultConfigurationName = Debug;
		};
/* End XCConfigurationList section */
	};
	rootObject = OBJ_1 /* Project object */;
}
